
Microsoft Visual Studio Solution File, Format Version 12.00
# Visual Studio Version 17
VisualStudioVersion = 17.5.002.0
MinimumVisualStudioVersion = 10.0.40219.1
Project("{9A19103F-16F7-4668-BE54-9A1E7A4F7556}") = "TodoApp.WebAPI", "TodoApp.WebAPI.csproj", "{C48F9D09-ACE8-484A-BF3F-9F0E2DEC88D5}"
EndProject
Global
	GlobalSection(SolutionConfigurationPlatforms) = preSolution
		Debug|Any CPU = Debug|Any CPU
		Release|Any CPU = Release|Any CPU
	EndGlobalSection
	GlobalSection(ProjectConfigurationPlatforms) = postSolution
		{C48F9D09-ACE8-484A-BF3F-9F0E2DEC88D5}.Debug|Any CPU.ActiveCfg = Debug|Any CPU
		{C48F9D09-ACE8-484A-BF3F-9F0E2DEC88D5}.Debug|Any CPU.Build.0 = Debug|Any CPU
		{C48F9D09-ACE8-484A-BF3F-9F0E2DEC88D5}.Release|Any CPU.ActiveCfg = Release|Any CPU
		{C48F9D09-ACE8-484A-BF3F-9F0E2DEC88D5}.Release|Any CPU.Build.0 = Release|Any CPU
	EndGlobalSection
	GlobalSection(SolutionProperties) = preSolution
		HideSolutionNode = FALSE
	EndGlobalSection
	GlobalSection(ExtensibilityGlobals) = postSolution
		SolutionGuid = {7A496207-EDF0-495A-9286-FC354ABAAC94}
	EndGlobalSection
EndGlobal
